
Microsoft Visual Studio Solution File, Format Version 12.00
# Visual Studio Version 17
VisualStudioVersion = 17.8.34322.80
MinimumVisualStudioVersion = 10.0.40219.1
Project("{FAE04EC0-301F-11D3-BF4B-00C04F79EFBC}") = "Lab1CSha", "Lab1CSha\Lab1CSha.csproj", "{EC360013-C09D-42F6-9778-D7C72F33F226}"
EndProject
Project("{FAE04EC0-301F-11D3-BF4B-00C04F79EFBC}") = "TesstLab1", "TesstLab1\TesstLab1.csproj", "{2B6BA228-C6B0-4B88-9C37-C926B44232FA}"
EndProject
Global
	GlobalSection(SolutionConfigurationPlatforms) = preSolution
		Debug|Any CPU = Debug|Any CPU
		Release|Any CPU = Release|Any CPU
	EndGlobalSection
	GlobalSection(ProjectConfigurationPlatforms) = postSolution
		{EC360013-C09D-42F6-9778-D7C72F33F226}.Debug|Any CPU.ActiveCfg = Debug|Any CPU
		{EC360013-C09D-42F6-9778-D7C72F33F226}.Debug|Any CPU.Build.0 = Debug|Any CPU
		{EC360013-C09D-42F6-9778-D7C72F33F226}.Release|Any CPU.ActiveCfg = Release|Any CPU
		{EC360013-C09D-42F6-9778-D7C72F33F226}.Release|Any CPU.Build.0 = Release|Any CPU
		{2B6BA228-C6B0-4B88-9C37-C926B44232FA}.Debug|Any CPU.ActiveCfg = Debug|Any CPU
		{2B6BA228-C6B0-4B88-9C37-C926B44232FA}.Debug|Any CPU.Build.0 = Debug|Any CPU
		{2B6BA228-C6B0-4B88-9C37-C926B44232FA}.Release|Any CPU.ActiveCfg = Release|Any CPU
		{2B6BA228-C6B0-4B88-9C37-C926B44232FA}.Release|Any CPU.Build.0 = Release|Any CPU
	EndGlobalSection
	GlobalSection(SolutionProperties) = preSolution
		HideSolutionNode = FALSE
	EndGlobalSection
	GlobalSection(ExtensibilityGlobals) = postSolution
		SolutionGuid = {7B605904-CAC9-4BC1-8D86-3B5D45D4044F}
	EndGlobalSection
EndGlobal
